
Microsoft Visual Studio Solution File, Format Version 12.00
# Visual Studio Version 16
VisualStudioVersion = 16.0.31410.357
MinimumVisualStudioVersion = 10.0.40219.1
Project("{8BC9CEB8-8B4A-11D0-8D11-00A0C91BC942}") = "dgs_chill", "dgs_chill.vcxproj", "{971B9C89-F3EB-41EE-9FF3-5A64A4CF22DE}"
EndProject
Global
	GlobalSection(SolutionConfigurationPlatforms) = preSolution
		Debug|x64 = Debug|x64
		Debug|x86 = Debug|x86
		Release|x64 = Release|x64
		Release|x86 = Release|x86
	EndGlobalSection
	GlobalSection(ProjectConfigurationPlatforms) = postSolution
		{971B9C89-F3EB-41EE-9FF3-5A64A4CF22DE}.Debug|x64.ActiveCfg = Debug|x64
		{971B9C89-F3EB-41EE-9FF3-5A64A4CF22DE}.Debug|x64.Build.0 = Debug|x64
		{971B9C89-F3EB-41EE-9FF3-5A64A4CF22DE}.Debug|x86.ActiveCfg = Debug|Win32
		{971B9C89-F3EB-41EE-9FF3-5A64A4CF22DE}.Debug|x86.Build.0 = Debug|Win32
		{971B9C89-F3EB-41EE-9FF3-5A64A4CF22DE}.Release|x64.ActiveCfg = Release|x64
		{971B9C89-F3EB-41EE-9FF3-5A64A4CF22DE}.Release|x64.Build.0 = Release|x64
		{971B9C89-F3EB-41EE-9FF3-5A64A4CF22DE}.Release|x86.ActiveCfg = Release|Win32
		{971B9C89-F3EB-41EE-9FF3-5A64A4CF22DE}.Release|x86.Build.0 = Release|Win32
	EndGlobalSection
	GlobalSection(SolutionProperties) = preSolution
		HideSolutionNode = FALSE
	EndGlobalSection
	GlobalSection(ExtensibilityGlobals) = postSolution
		SolutionGuid = {41D78956-404D-4946-B759-C810A65EDCAB}
	EndGlobalSection
EndGlobal
